
Microsoft Visual Studio Solution File, Format Version 12.00
# Visual Studio 15
VisualStudioVersion = 15.0.27428.2005
MinimumVisualStudioVersion = 10.0.40219.1
Project("{FAE04EC0-301F-11D3-BF4B-00C04F79EFBC}") = "LT.Cripto", "LT.Cripto\LT.Cripto.csproj", "{134BAD09-639A-4D9A-8F12-704C96D43CC4}"
EndProject
Project("{FAE04EC0-301F-11D3-BF4B-00C04F79EFBC}") = "LT.CriptoTest", "LT.CriptoTest\LT.CriptoTest.csproj", "{4BD4182D-296C-4AEF-A687-85EC1CC19AA1}"
EndProject
Global
	GlobalSection(SolutionConfigurationPlatforms) = preSolution
		Debug|Any CPU = Debug|Any CPU
		Release|Any CPU = Release|Any CPU
	EndGlobalSection
	GlobalSection(ProjectConfigurationPlatforms) = postSolution
		{134BAD09-639A-4D9A-8F12-704C96D43CC4}.Debug|Any CPU.ActiveCfg = Debug|Any CPU
		{134BAD09-639A-4D9A-8F12-704C96D43CC4}.Debug|Any CPU.Build.0 = Debug|Any CPU
		{134BAD09-639A-4D9A-8F12-704C96D43CC4}.Release|Any CPU.ActiveCfg = Release|Any CPU
		{134BAD09-639A-4D9A-8F12-704C96D43CC4}.Release|Any CPU.Build.0 = Release|Any CPU
		{4BD4182D-296C-4AEF-A687-85EC1CC19AA1}.Debug|Any CPU.ActiveCfg = Debug|Any CPU
		{4BD4182D-296C-4AEF-A687-85EC1CC19AA1}.Debug|Any CPU.Build.0 = Debug|Any CPU
		{4BD4182D-296C-4AEF-A687-85EC1CC19AA1}.Release|Any CPU.ActiveCfg = Release|Any CPU
		{4BD4182D-296C-4AEF-A687-85EC1CC19AA1}.Release|Any CPU.Build.0 = Release|Any CPU
	EndGlobalSection
	GlobalSection(SolutionProperties) = preSolution
		HideSolutionNode = FALSE
	EndGlobalSection
	GlobalSection(ExtensibilityGlobals) = postSolution
		SolutionGuid = {1D6B2264-AF98-4D32-912B-78EB9B842B80}
	EndGlobalSection
EndGlobal
